
Microsoft Visual Studio Solution File, Format Version 12.00
# Visual Studio Version 16
VisualStudioVersion = 16.0.31313.79
MinimumVisualStudioVersion = 10.0.40219.1
Project("{9A19103F-16F7-4668-BE54-9A1E7A4F7556}") = "HatForFilms", "HatForFilms\HatForFilms.csproj", "{2E49CFE4-384D-49D9-9922-3651835C6CA7}"
EndProject
Project("{9A19103F-16F7-4668-BE54-9A1E7A4F7556}") = "Models", "Models\Models.csproj", "{DBECE412-12C6-4BC1-80B8-353FD3F3E66C}"
EndProject
Project("{FAE04EC0-301F-11D3-BF4B-00C04F79EFBC}") = "Helper", "Helper\Helper.csproj", "{D9F5A121-FE1B-41CD-B5CE-3E646E164EDE}"
EndProject
Global
	GlobalSection(SolutionConfigurationPlatforms) = preSolution
		Debug|Any CPU = Debug|Any CPU
		Release|Any CPU = Release|Any CPU
	EndGlobalSection
	GlobalSection(ProjectConfigurationPlatforms) = postSolution
		{2E49CFE4-384D-49D9-9922-3651835C6CA7}.Debug|Any CPU.ActiveCfg = Debug|Any CPU
		{2E49CFE4-384D-49D9-9922-3651835C6CA7}.Debug|Any CPU.Build.0 = Debug|Any CPU
		{2E49CFE4-384D-49D9-9922-3651835C6CA7}.Release|Any CPU.ActiveCfg = Release|Any CPU
		{2E49CFE4-384D-49D9-9922-3651835C6CA7}.Release|Any CPU.Build.0 = Release|Any CPU
		{DBECE412-12C6-4BC1-80B8-353FD3F3E66C}.Debug|Any CPU.ActiveCfg = Debug|Any CPU
		{DBECE412-12C6-4BC1-80B8-353FD3F3E66C}.Debug|Any CPU.Build.0 = Debug|Any CPU
		{DBECE412-12C6-4BC1-80B8-353FD3F3E66C}.Release|Any CPU.ActiveCfg = Release|Any CPU
		{DBECE412-12C6-4BC1-80B8-353FD3F3E66C}.Release|Any CPU.Build.0 = Release|Any CPU
		{D9F5A121-FE1B-41CD-B5CE-3E646E164EDE}.Debug|Any CPU.ActiveCfg = Debug|Any CPU
		{D9F5A121-FE1B-41CD-B5CE-3E646E164EDE}.Debug|Any CPU.Build.0 = Debug|Any CPU
		{D9F5A121-FE1B-41CD-B5CE-3E646E164EDE}.Release|Any CPU.ActiveCfg = Release|Any CPU
		{D9F5A121-FE1B-41CD-B5CE-3E646E164EDE}.Release|Any CPU.Build.0 = Release|Any CPU
	EndGlobalSection
	GlobalSection(SolutionProperties) = preSolution
		HideSolutionNode = FALSE
	EndGlobalSection
	GlobalSection(ExtensibilityGlobals) = postSolution
		SolutionGuid = {ACEDC4FA-A736-414A-ABC1-664AFD82ED3E}
	EndGlobalSection
EndGlobal
